
Microsoft Visual Studio Solution File, Format Version 12.00
# Visual Studio 14
VisualStudioVersion = 14.0.25420.1
MinimumVisualStudioVersion = 10.0.40219.1
Project("{8BC9CEB8-8B4A-11D0-8D11-00A0C91BC942}") = "parseProtoBuffer", "parseProtoBuffer\parseProtoBuffer.vcxproj", "{B8D77953-9242-4205-B264-96E3E9394B17}"
EndProject
Project("{8BC9CEB8-8B4A-11D0-8D11-00A0C91BC942}") = "protoTest", "..\..\protoTest\protoTest\protoTest.vcxproj", "{B5769211-AF9C-4B33-B545-42ED12B9D5DE}"
EndProject
Global
	GlobalSection(SolutionConfigurationPlatforms) = preSolution
		Debug|x64 = Debug|x64
		Debug|x86 = Debug|x86
		Release|x64 = Release|x64
		Release|x86 = Release|x86
	EndGlobalSection
	GlobalSection(ProjectConfigurationPlatforms) = postSolution
		{B8D77953-9242-4205-B264-96E3E9394B17}.Debug|x64.ActiveCfg = Debug|x64
		{B8D77953-9242-4205-B264-96E3E9394B17}.Debug|x64.Build.0 = Debug|x64
		{B8D77953-9242-4205-B264-96E3E9394B17}.Debug|x86.ActiveCfg = Debug|Win32
		{B8D77953-9242-4205-B264-96E3E9394B17}.Debug|x86.Build.0 = Debug|Win32
		{B8D77953-9242-4205-B264-96E3E9394B17}.Release|x64.ActiveCfg = Release|x64
		{B8D77953-9242-4205-B264-96E3E9394B17}.Release|x64.Build.0 = Release|x64
		{B8D77953-9242-4205-B264-96E3E9394B17}.Release|x86.ActiveCfg = Release|Win32
		{B8D77953-9242-4205-B264-96E3E9394B17}.Release|x86.Build.0 = Release|Win32
		{B5769211-AF9C-4B33-B545-42ED12B9D5DE}.Debug|x64.ActiveCfg = Debug|x64
		{B5769211-AF9C-4B33-B545-42ED12B9D5DE}.Debug|x64.Build.0 = Debug|x64
		{B5769211-AF9C-4B33-B545-42ED12B9D5DE}.Debug|x86.ActiveCfg = Debug|Win32
		{B5769211-AF9C-4B33-B545-42ED12B9D5DE}.Debug|x86.Build.0 = Debug|Win32
		{B5769211-AF9C-4B33-B545-42ED12B9D5DE}.Release|x64.ActiveCfg = Release|x64
		{B5769211-AF9C-4B33-B545-42ED12B9D5DE}.Release|x64.Build.0 = Release|x64
		{B5769211-AF9C-4B33-B545-42ED12B9D5DE}.Release|x86.ActiveCfg = Release|Win32
		{B5769211-AF9C-4B33-B545-42ED12B9D5DE}.Release|x86.Build.0 = Release|Win32
	EndGlobalSection
	GlobalSection(SolutionProperties) = preSolution
		HideSolutionNode = FALSE
	EndGlobalSection
	GlobalSection(ExtensibilityGlobals) = postSolution
		SolutionGuid = {117F090A-3333-4AA9-A0B0-DEAEBE878AB3}
	EndGlobalSection
EndGlobal
